
Microsoft Visual Studio Solution File, Format Version 12.00
# Visual Studio Version 17
VisualStudioVersion = 17.8.34525.116
MinimumVisualStudioVersion = 10.0.40219.1
Project("{FAE04EC0-301F-11D3-BF4B-00C04F79EFBC}") = "Workaround", "Workaround\Workaround.csproj", "{C2225FAB-6AAB-4583-8A48-37752C3DF3E8}"
EndProject
Project("{FAE04EC0-301F-11D3-BF4B-00C04F79EFBC}") = "Entities", "Entities\Entities.csproj", "{839218ED-A532-43BA-967C-B42A3CE35E1A}"
EndProject
Project("{FAE04EC0-301F-11D3-BF4B-00C04F79EFBC}") = "Business", "Business\Business.csproj", "{941FFDD6-B569-47E0-BFB6-0B396B11D0FC}"
EndProject
Global
	GlobalSection(SolutionConfigurationPlatforms) = preSolution
		Debug|Any CPU = Debug|Any CPU
		Release|Any CPU = Release|Any CPU
	EndGlobalSection
	GlobalSection(ProjectConfigurationPlatforms) = postSolution
		{C2225FAB-6AAB-4583-8A48-37752C3DF3E8}.Debug|Any CPU.ActiveCfg = Debug|Any CPU
		{C2225FAB-6AAB-4583-8A48-37752C3DF3E8}.Debug|Any CPU.Build.0 = Debug|Any CPU
		{C2225FAB-6AAB-4583-8A48-37752C3DF3E8}.Release|Any CPU.ActiveCfg = Release|Any CPU
		{C2225FAB-6AAB-4583-8A48-37752C3DF3E8}.Release|Any CPU.Build.0 = Release|Any CPU
		{839218ED-A532-43BA-967C-B42A3CE35E1A}.Debug|Any CPU.ActiveCfg = Debug|Any CPU
		{839218ED-A532-43BA-967C-B42A3CE35E1A}.Debug|Any CPU.Build.0 = Debug|Any CPU
		{839218ED-A532-43BA-967C-B42A3CE35E1A}.Release|Any CPU.ActiveCfg = Release|Any CPU
		{839218ED-A532-43BA-967C-B42A3CE35E1A}.Release|Any CPU.Build.0 = Release|Any CPU
		{941FFDD6-B569-47E0-BFB6-0B396B11D0FC}.Debug|Any CPU.ActiveCfg = Debug|Any CPU
		{941FFDD6-B569-47E0-BFB6-0B396B11D0FC}.Debug|Any CPU.Build.0 = Debug|Any CPU
		{941FFDD6-B569-47E0-BFB6-0B396B11D0FC}.Release|Any CPU.ActiveCfg = Release|Any CPU
		{941FFDD6-B569-47E0-BFB6-0B396B11D0FC}.Release|Any CPU.Build.0 = Release|Any CPU
	EndGlobalSection
	GlobalSection(SolutionProperties) = preSolution
		HideSolutionNode = FALSE
	EndGlobalSection
	GlobalSection(ExtensibilityGlobals) = postSolution
		SolutionGuid = {22E5FE63-8B9C-4156-A1EB-A0C63F0B76EA}
	EndGlobalSection
EndGlobal
